// !$*UTF8*$!
{
	archiveVersion = 1;
	classes = {
	};
	objectVersion = 46;
	objects = {

/* Begin PBXBuildFile section */
		1D3623260D0F684500981E51 /* ButtonImageTestAppDelegate.m in Sources */ = {isa = PBXBuildFile; fileRef = 1D3623250D0F684500981E51 /* ButtonImageTestAppDelegate.m */; };
		1D60589B0D05DD56006BFB54 /* main.m in Sources */ = {isa = PBXBuildFile; fileRef = 29B97316FDCFA39411CA2CEA /* main.m */; };
		1D60589F0D05DD5A006BFB54 /* Foundation.framework in Frameworks */ = {isa = PBXBuildFile; fileRef = 1D30AB110D05D00D00671497 /* Foundation.framework */; };
		1DF5F4E00D08C38300B7A737 /* UIKit.framework in Frameworks */ = {isa = PBXBuildFile; fileRef = 1DF5F4DF0D08C38300B7A737 /* UIKit.framework */; };
		288765A50DF7441C002DB57D /* CoreGraphics.framework in Frameworks */ = {isa = PBXBuildFile; fileRef = 288765A40DF7441C002DB57D /* CoreGraphics.framework */; };
		2899E5220DE3E06400AC0155 /* ButtonImageTestViewController.xib in Resources */ = {isa = PBXBuildFile; fileRef = 2899E5210DE3E06400AC0155 /* ButtonImageTestViewController.xib */; };
		28AD733F0D9D9553002E5188 /* MainWindow.xib in Resources */ = {isa = PBXBuildFile; fileRef = 28AD733E0D9D9553002E5188 /* MainWindow.xib */; };
		28D7ACF80DDB3853001CB0EB /* ButtonImageTestViewController.m in Sources */ = {isa = PBXBuildFile; fileRef = 28D7ACF70DDB3853001CB0EB /* ButtonImageTestViewController.m */; };
		6F1D9DDD13C30FC4002919E0 /* OrderListViewController.m in Sources */ = {isa = PBXBuildFile; fileRef = 6F1D9DDC13C30FC4002919E0 /* OrderListViewController.m */; };
		6F30500D13C3F94C007B4855 /* ScrollViewController.m in Sources */ = {isa = PBXBuildFile; fileRef = 6F30500C13C3F94C007B4855 /* ScrollViewController.m */; };
		6F54425813BAD592008428D6 /* UIDialogWindow.m in Sources */ = {isa = PBXBuildFile; fileRef = 6F54425713BAD592008428D6 /* UIDialogWindow.m */; };
		6F54425B13BADA4B008428D6 /* Global.m in Sources */ = {isa = PBXBuildFile; fileRef = 6F54425A13BADA4B008428D6 /* Global.m */; };
		6F54425F13BADC1C008428D6 /* InfoViewController.m in Sources */ = {isa = PBXBuildFile; fileRef = 6F54425D13BADC1C008428D6 /* InfoViewController.m */; };
		6F54426013BADC1C008428D6 /* InfoViewController.xib in Resources */ = {isa = PBXBuildFile; fileRef = 6F54425E13BADC1C008428D6 /* InfoViewController.xib */; };
		6F6C0BE813C1A9F900708EF4 /* MessageUI.framework in Frameworks */ = {isa = PBXBuildFile; fileRef = 6F6C0BE713C1A9F900708EF4 /* MessageUI.framework */; };
		6F92A95113BDAC6500475B1A /* CusPageControlViewController.m in Sources */ = {isa = PBXBuildFile; fileRef = 6F92A95013BDAC6500475B1A /* CusPageControlViewController.m */; };
		6F92A95B13BDADB400475B1A /* LogoAnimation_01.png in Resources */ = {isa = PBXBuildFile; fileRef = 6F92A95213BDADB400475B1A /* LogoAnimation_01.png */; };
		6F92A95C13BDADB400475B1A /* LogoAnimation_02.png in Resources */ = {isa = PBXBuildFile; fileRef = 6F92A95313BDADB400475B1A /* LogoAnimation_02.png */; };
		6F92A95D13BDADB400475B1A /* LogoAnimation_03.png in Resources */ = {isa = PBXBuildFile; fileRef = 6F92A95413BDADB400475B1A /* LogoAnimation_03.png */; };
		6F92A95E13BDADB400475B1A /* LogoAnimation_04.png in Resources */ = {isa = PBXBuildFile; fileRef = 6F92A95513BDADB400475B1A /* LogoAnimation_04.png */; };
		6F92A95F13BDADB400475B1A /* LogoAnimation_05.png in Resources */ = {isa = PBXBuildFile; fileRef = 6F92A95613BDADB400475B1A /* LogoAnimation_05.png */; };
		6F92A96013BDADB400475B1A /* LogoAnimation_06.png in Resources */ = {isa = PBXBuildFile; fileRef = 6F92A95713BDADB400475B1A /* LogoAnimation_06.png */; };
		6F92A96113BDADB400475B1A /* LogoAnimation_07.png in Resources */ = {isa = PBXBuildFile; fileRef = 6F92A95813BDADB400475B1A /* LogoAnimation_07.png */; };
		6F92A96213BDADB400475B1A /* LogoAnimation_08.png in Resources */ = {isa = PBXBuildFile; fileRef = 6F92A95913BDADB400475B1A /* LogoAnimation_08.png */; };
		6F92A96313BDADB400475B1A /* LogoAnimation_09.png in Resources */ = {isa = PBXBuildFile; fileRef = 6F92A95A13BDADB400475B1A /* LogoAnimation_09.png */; };
		6F92A96513BDAE8E00475B1A /* CusPageControlView.xib in Resources */ = {isa = PBXBuildFile; fileRef = 6F92A96413BDAE8E00475B1A /* CusPageControlView.xib */; };
		6F92A96813BDB71800475B1A /* MyButton.m in Sources */ = {isa = PBXBuildFile; fileRef = 6F92A96713BDB71800475B1A /* MyButton.m */; };
		6FB4DABC13C316AA00EF30C6 /* NineGrid.m in Sources */ = {isa = PBXBuildFile; fileRef = 6FB4DABB13C316AA00EF30C6 /* NineGrid.m */; };
		6FC739B013BC1930000197B8 /* DACellHViewController.m in Sources */ = {isa = PBXBuildFile; fileRef = 6FC739AF13BC1930000197B8 /* DACellHViewController.m */; };
		6FC739B313BC27A9000197B8 /* MyPicker.m in Sources */ = {isa = PBXBuildFile; fileRef = 6FC739B213BC27A9000197B8 /* MyPicker.m */; };
		6FEE88BE13B97D4100050117 /* bubble.png in Resources */ = {isa = PBXBuildFile; fileRef = 6FEE88BC13B97D4100050117 /* bubble.png */; };
		6FEE88BF13B97D4100050117 /* bubbleSelf.png in Resources */ = {isa = PBXBuildFile; fileRef = 6FEE88BD13B97D4100050117 /* bubbleSelf.png */; };
		6FEE88F913B9805400050117 /* bubble1.jpg in Resources */ = {isa = PBXBuildFile; fileRef = 6FEE88F713B9805400050117 /* bubble1.jpg */; };
		6FEE88FA13B9805400050117 /* bubble2.jpg in Resources */ = {isa = PBXBuildFile; fileRef = 6FEE88F813B9805400050117 /* bubble2.jpg */; };
/* End PBXBuildFile section */

/* Begin PBXFileReference section */
		1D30AB110D05D00D00671497 /* Foundation.framework */ = {isa = PBXFileReference; lastKnownFileType = wrapper.framework; name = Foundation.framework; path = System/Library/Frameworks/Foundation.framework; sourceTree = SDKROOT; };
		1D3623240D0F684500981E51 /* ButtonImageTestAppDelegate.h */ = {isa = PBXFileReference; fileEncoding = 4; lastKnownFileType = sourcecode.c.h; path = ButtonImageTestAppDelegate.h; sourceTree = "<group>"; };
		1D3623250D0F684500981E51 /* ButtonImageTestAppDelegate.m */ = {isa = PBXFileReference; fileEncoding = 4; lastKnownFileType = sourcecode.c.objc; path = ButtonImageTestAppDelegate.m; sourceTree = "<group>"; };
		1D6058910D05DD3D006BFB54 /* ButtonImageTest.app */ = {isa = PBXFileReference; explicitFileType = wrapper.application; includeInIndex = 0; path = ButtonImageTest.app; sourceTree = BUILT_PRODUCTS_DIR; };
		1DF5F4DF0D08C38300B7A737 /* UIKit.framework */ = {isa = PBXFileReference; lastKnownFileType = wrapper.framework; name = UIKit.framework; path = System/Library/Frameworks/UIKit.framework; sourceTree = SDKROOT; };
		288765A40DF7441C002DB57D /* CoreGraphics.framework */ = {isa = PBXFileReference; lastKnownFileType = wrapper.framework; name = CoreGraphics.framework; path = System/Library/Frameworks/CoreGraphics.framework; sourceTree = SDKROOT; };
		2899E5210DE3E06400AC0155 /* ButtonImageTestViewController.xib */ = {isa = PBXFileReference; lastKnownFileType = file.xib; path = ButtonImageTestViewController.xib; sourceTree = "<group>"; };
		28AD733E0D9D9553002E5188 /* MainWindow.xib */ = {isa = PBXFileReference; lastKnownFileType = file.xib; path = MainWindow.xib; sourceTree = "<group>"; };
		28D7ACF60DDB3853001CB0EB /* ButtonImageTestViewController.h */ = {isa = PBXFileReference; fileEncoding = 4; lastKnownFileType = sourcecode.c.h; path = ButtonImageTestViewController.h; sourceTree = "<group>"; };
		28D7ACF70DDB3853001CB0EB /* ButtonImageTestViewController.m */ = {isa = PBXFileReference; fileEncoding = 4; lastKnownFileType = sourcecode.c.objc; path = ButtonImageTestViewController.m; sourceTree = "<group>"; };
		29B97316FDCFA39411CA2CEA /* main.m */ = {isa = PBXFileReference; fileEncoding = 4; lastKnownFileType = sourcecode.c.objc; path = main.m; sourceTree = "<group>"; };
		32CA4F630368D1EE00C91783 /* ButtonImageTest_Prefix.pch */ = {isa = PBXFileReference; fileEncoding = 4; lastKnownFileType = sourcecode.c.h; path = ButtonImageTest_Prefix.pch; sourceTree = "<group>"; };
		6F1D9DDB13C30FC4002919E0 /* OrderListViewController.h */ = {isa = PBXFileReference; fileEncoding = 4; lastKnownFileType = sourcecode.c.h; path = OrderListViewController.h; sourceTree = "<group>"; };
		6F1D9DDC13C30FC4002919E0 /* OrderListViewController.m */ = {isa = PBXFileReference; fileEncoding = 4; lastKnownFileType = sourcecode.c.objc; path = OrderListViewController.m; sourceTree = "<group>"; };
		6F30500B13C3F94C007B4855 /* ScrollViewController.h */ = {isa = PBXFileReference; fileEncoding = 4; lastKnownFileType = sourcecode.c.h; path = ScrollViewController.h; sourceTree = "<group>"; };
		6F30500C13C3F94C007B4855 /* ScrollViewController.m */ = {isa = PBXFileReference; fileEncoding = 4; lastKnownFileType = sourcecode.c.objc; path = ScrollViewController.m; sourceTree = "<group>"; };
		6F54425613BAD592008428D6 /* UIDialogWindow.h */ = {isa = PBXFileReference; fileEncoding = 4; lastKnownFileType = sourcecode.c.h; path = UIDialogWindow.h; sourceTree = "<group>"; };
		6F54425713BAD592008428D6 /* UIDialogWindow.m */ = {isa = PBXFileReference; fileEncoding = 4; lastKnownFileType = sourcecode.c.objc; path = UIDialogWindow.m; sourceTree = "<group>"; };
		6F54425913BADA4B008428D6 /* Global.h */ = {isa = PBXFileReference; fileEncoding = 4; lastKnownFileType = sourcecode.c.h; path = Global.h; sourceTree = "<group>"; };
		6F54425A13BADA4B008428D6 /* Global.m */ = {isa = PBXFileReference; fileEncoding = 4; lastKnownFileType = sourcecode.c.objc; path = Global.m; sourceTree = "<group>"; };
		6F54425C13BADC1C008428D6 /* InfoViewController.h */ = {isa = PBXFileReference; fileEncoding = 4; lastKnownFileType = sourcecode.c.h; path = InfoViewController.h; sourceTree = "<group>"; };
		6F54425D13BADC1C008428D6 /* InfoViewController.m */ = {isa = PBXFileReference; fileEncoding = 4; lastKnownFileType = sourcecode.c.objc; path = InfoViewController.m; sourceTree = "<group>"; };
		6F54425E13BADC1C008428D6 /* InfoViewController.xib */ = {isa = PBXFileReference; fileEncoding = 4; lastKnownFileType = file.xib; path = InfoViewController.xib; sourceTree = "<group>"; };
		6F6C0BE713C1A9F900708EF4 /* MessageUI.framework */ = {isa = PBXFileReference; lastKnownFileType = wrapper.framework; name = MessageUI.framework; path = System/Library/Frameworks/MessageUI.framework; sourceTree = SDKROOT; };
		6F92A94F13BDAC6500475B1A /* CusPageControlViewController.h */ = {isa = PBXFileReference; fileEncoding = 4; lastKnownFileType = sourcecode.c.h; path = CusPageControlViewController.h; sourceTree = "<group>"; };
		6F92A95013BDAC6500475B1A /* CusPageControlViewController.m */ = {isa = PBXFileReference; fileEncoding = 4; lastKnownFileType = sourcecode.c.objc; path = CusPageControlViewController.m; sourceTree = "<group>"; };
		6F92A95213BDADB400475B1A /* LogoAnimation_01.png */ = {isa = PBXFileReference; lastKnownFileType = image.png; path = LogoAnimation_01.png; sourceTree = "<group>"; };
		6F92A95313BDADB400475B1A /* LogoAnimation_02.png */ = {isa = PBXFileReference; lastKnownFileType = image.png; path = LogoAnimation_02.png; sourceTree = "<group>"; };
		6F92A95413BDADB400475B1A /* LogoAnimation_03.png */ = {isa = PBXFileReference; lastKnownFileType = image.png; path = LogoAnimation_03.png; sourceTree = "<group>"; };
		6F92A95513BDADB400475B1A /* LogoAnimation_04.png */ = {isa = PBXFileReference; lastKnownFileType = image.png; path = LogoAnimation_04.png; sourceTree = "<group>"; };
		6F92A95613BDADB400475B1A /* LogoAnimation_05.png */ = {isa = PBXFileReference; lastKnownFileType = image.png; path = LogoAnimation_05.png; sourceTree = "<group>"; };
		6F92A95713BDADB400475B1A /* LogoAnimation_06.png */ = {isa = PBXFileReference; lastKnownFileType = image.png; path = LogoAnimation_06.png; sourceTree = "<group>"; };
		6F92A95813BDADB400475B1A /* LogoAnimation_07.png */ = {isa = PBXFileReference; lastKnownFileType = image.png; path = LogoAnimation_07.png; sourceTree = "<group>"; };
		6F92A95913BDADB400475B1A /* LogoAnimation_08.png */ = {isa = PBXFileReference; lastKnownFileType = image.png; path = LogoAnimation_08.png; sourceTree = "<group>"; };
		6F92A95A13BDADB400475B1A /* LogoAnimation_09.png */ = {isa = PBXFileReference; lastKnownFileType = image.png; path = LogoAnimation_09.png; sourceTree = "<group>"; };
		6F92A96413BDAE8E00475B1A /* CusPageControlView.xib */ = {isa = PBXFileReference; fileEncoding = 4; lastKnownFileType = file.xib; path = CusPageControlView.xib; sourceTree = "<group>"; };
		6F92A96613BDB71800475B1A /* MyButton.h */ = {isa = PBXFileReference; fileEncoding = 4; lastKnownFileType = sourcecode.c.h; path = MyButton.h; sourceTree = "<group>"; };
		6F92A96713BDB71800475B1A /* MyButton.m */ = {isa = PBXFileReference; fileEncoding = 4; lastKnownFileType = sourcecode.c.objc; path = MyButton.m; sourceTree = "<group>"; };
		6FB4DABA13C316AA00EF30C6 /* NineGrid.h */ = {isa = PBXFileReference; fileEncoding = 4; lastKnownFileType = sourcecode.c.h; path = NineGrid.h; sourceTree = "<group>"; };
		6FB4DABB13C316AA00EF30C6 /* NineGrid.m */ = {isa = PBXFileReference; fileEncoding = 4; lastKnownFileType = sourcecode.c.objc; path = NineGrid.m; sourceTree = "<group>"; };
		6FC739AE13BC1930000197B8 /* DACellHViewController.h */ = {isa = PBXFileReference; fileEncoding = 4; lastKnownFileType = sourcecode.c.h; path = DACellHViewController.h; sourceTree = "<group>"; };
		6FC739AF13BC1930000197B8 /* DACellHViewController.m */ = {isa = PBXFileReference; fileEncoding = 4; lastKnownFileType = sourcecode.c.objc; path = DACellHViewController.m; sourceTree = "<group>"; };
		6FC739B113BC27A9000197B8 /* MyPicker.h */ = {isa = PBXFileReference; fileEncoding = 4; lastKnownFileType = sourcecode.c.h; path = MyPicker.h; sourceTree = "<group>"; };
		6FC739B213BC27A9000197B8 /* MyPicker.m */ = {isa = PBXFileReference; fileEncoding = 4; lastKnownFileType = sourcecode.c.objc; path = MyPicker.m; sourceTree = "<group>"; };
		6FEE88BC13B97D4100050117 /* bubble.png */ = {isa = PBXFileReference; lastKnownFileType = image.png; path = bubble.png; sourceTree = "<group>"; };
		6FEE88BD13B97D4100050117 /* bubbleSelf.png */ = {isa = PBXFileReference; lastKnownFileType = image.png; path = bubbleSelf.png; sourceTree = "<group>"; };
		6FEE88F713B9805400050117 /* bubble1.jpg */ = {isa = PBXFileReference; lastKnownFileType = image.jpeg; path = bubble1.jpg; sourceTree = "<group>"; };
		6FEE88F813B9805400050117 /* bubble2.jpg */ = {isa = PBXFileReference; lastKnownFileType = image.jpeg; path = bubble2.jpg; sourceTree = "<group>"; };
		8D1107310486CEB800E47090 /* ButtonImageTest-Info.plist */ = {isa = PBXFileReference; fileEncoding = 4; lastKnownFileType = text.plist.xml; path = "ButtonImageTest-Info.plist"; plistStructureDefinitionIdentifier = "com.apple.xcode.plist.structure-definition.iphone.info-plist"; sourceTree = "<group>"; };
/* End PBXFileReference section */

/* Begin PBXFrameworksBuildPhase section */
		1D60588F0D05DD3D006BFB54 /* Frameworks */ = {
			isa = PBXFrameworksBuildPhase;
			buildActionMask = 2147483647;
			files = (
				6F6C0BE813C1A9F900708EF4 /* MessageUI.framework in Frameworks */,
				1D60589F0D05DD5A006BFB54 /* Foundation.framework in Frameworks */,
				1DF5F4E00D08C38300B7A737 /* UIKit.framework in Frameworks */,
				288765A50DF7441C002DB57D /* CoreGraphics.framework in Frameworks */,
			);
			runOnlyForDeploymentPostprocessing = 0;
		};
/* End PBXFrameworksBuildPhase section */

/* Begin PBXGroup section */
		080E96DDFE201D6D7F000001 /* Classes */ = {
			isa = PBXGroup;
			children = (
				6F30500A13C3F8FD007B4855 /* scrollview */,
				6F1D9DDA13C30EE8002919E0 /* eCargo */,
				6FC739B113BC27A9000197B8 /* MyPicker.h */,
				6FC739B213BC27A9000197B8 /* MyPicker.m */,
				1D3623240D0F684500981E51 /* ButtonImageTestAppDelegate.h */,
				1D3623250D0F684500981E51 /* ButtonImageTestAppDelegate.m */,
				28D7ACF60DDB3853001CB0EB /* ButtonImageTestViewController.h */,
				28D7ACF70DDB3853001CB0EB /* ButtonImageTestViewController.m */,
				6F54425613BAD592008428D6 /* UIDialogWindow.h */,
				6F54425713BAD592008428D6 /* UIDialogWindow.m */,
				6F54425913BADA4B008428D6 /* Global.h */,
				6F54425A13BADA4B008428D6 /* Global.m */,
				6F54425C13BADC1C008428D6 /* InfoViewController.h */,
				6F54425D13BADC1C008428D6 /* InfoViewController.m */,
				6F54425E13BADC1C008428D6 /* InfoViewController.xib */,
				6FC739AE13BC1930000197B8 /* DACellHViewController.h */,
				6FC739AF13BC1930000197B8 /* DACellHViewController.m */,
				6F92A94F13BDAC6500475B1A /* CusPageControlViewController.h */,
				6F92A95013BDAC6500475B1A /* CusPageControlViewController.m */,
				6F92A96413BDAE8E00475B1A /* CusPageControlView.xib */,
				6F92A96613BDB71800475B1A /* MyButton.h */,
				6F92A96713BDB71800475B1A /* MyButton.m */,
			);
			path = Classes;
			sourceTree = "<group>";
		};
		19C28FACFE9D520D11CA2CBB /* Products */ = {
			isa = PBXGroup;
			children = (
				1D6058910D05DD3D006BFB54 /* ButtonImageTest.app */,
			);
			name = Products;
			sourceTree = "<group>";
		};
		29B97314FDCFA39411CA2CEA /* CustomTemplate */ = {
			isa = PBXGroup;
			children = (
				080E96DDFE201D6D7F000001 /* Classes */,
				29B97315FDCFA39411CA2CEA /* Other Sources */,
				29B97317FDCFA39411CA2CEA /* Resources */,
				29B97323FDCFA39411CA2CEA /* Frameworks */,
				19C28FACFE9D520D11CA2CBB /* Products */,
			);
			name = CustomTemplate;
			sourceTree = "<group>";
		};
		29B97315FDCFA39411CA2CEA /* Other Sources */ = {
			isa = PBXGroup;
			children = (
				32CA4F630368D1EE00C91783 /* ButtonImageTest_Prefix.pch */,
				29B97316FDCFA39411CA2CEA /* main.m */,
			);
			name = "Other Sources";
			sourceTree = "<group>";
		};
		29B97317FDCFA39411CA2CEA /* Resources */ = {
			isa = PBXGroup;
			children = (
				6F92A95213BDADB400475B1A /* LogoAnimation_01.png */,
				6F92A95313BDADB400475B1A /* LogoAnimation_02.png */,
				6F92A95413BDADB400475B1A /* LogoAnimation_03.png */,
				6F92A95513BDADB400475B1A /* LogoAnimation_04.png */,
				6F92A95613BDADB400475B1A /* LogoAnimation_05.png */,
				6F92A95713BDADB400475B1A /* LogoAnimation_06.png */,
				6F92A95813BDADB400475B1A /* LogoAnimation_07.png */,
				6F92A95913BDADB400475B1A /* LogoAnimation_08.png */,
				6F92A95A13BDADB400475B1A /* LogoAnimation_09.png */,
				6FEE88F713B9805400050117 /* bubble1.jpg */,
				6FEE88F813B9805400050117 /* bubble2.jpg */,
				6FEE88BC13B97D4100050117 /* bubble.png */,
				6FEE88BD13B97D4100050117 /* bubbleSelf.png */,
				2899E5210DE3E06400AC0155 /* ButtonImageTestViewController.xib */,
				28AD733E0D9D9553002E5188 /* MainWindow.xib */,
				8D1107310486CEB800E47090 /* ButtonImageTest-Info.plist */,
			);
			name = Resources;
			sourceTree = "<group>";
		};
		29B97323FDCFA39411CA2CEA /* Frameworks */ = {
			isa = PBXGroup;
			children = (
				6F6C0BE713C1A9F900708EF4 /* MessageUI.framework */,
				1DF5F4DF0D08C38300B7A737 /* UIKit.framework */,
				1D30AB110D05D00D00671497 /* Foundation.framework */,
				288765A40DF7441C002DB57D /* CoreGraphics.framework */,
			);
			name = Frameworks;
			sourceTree = "<group>";
		};
		6F1D9DDA13C30EE8002919E0 /* eCargo */ = {
			isa = PBXGroup;
			children = (
				6F1D9DDB13C30FC4002919E0 /* OrderListViewController.h */,
				6F1D9DDC13C30FC4002919E0 /* OrderListViewController.m */,
				6FB4DABA13C316AA00EF30C6 /* NineGrid.h */,
				6FB4DABB13C316AA00EF30C6 /* NineGrid.m */,
			);
			path = eCargo;
			sourceTree = "<group>";
		};
		6F30500A13C3F8FD007B4855 /* scrollview */ = {
			isa = PBXGroup;
			children = (
				6F30500B13C3F94C007B4855 /* ScrollViewController.h */,
				6F30500C13C3F94C007B4855 /* ScrollViewController.m */,
			);
			path = scrollview;
			sourceTree = "<group>";
		};
/* End PBXGroup section */

/* Begin PBXNativeTarget section */
		1D6058900D05DD3D006BFB54 /* ButtonImageTest */ = {
			isa = PBXNativeTarget;
			buildConfigurationList = 1D6058960D05DD3E006BFB54 /* Build configuration list for PBXNativeTarget "ButtonImageTest" */;
			buildPhases = (
				1D60588D0D05DD3D006BFB54 /* Resources */,
				1D60588E0D05DD3D006BFB54 /* Sources */,
				1D60588F0D05DD3D006BFB54 /* Frameworks */,
			);
			buildRules = (
			);
			dependencies = (
			);
			name = ButtonImageTest;
			productName = ButtonImageTest;
			productReference = 1D6058910D05DD3D006BFB54 /* ButtonImageTest.app */;
			productType = "com.apple.product-type.application";
		};
/* End PBXNativeTarget section */

/* Begin PBXProject section */
		29B97313FDCFA39411CA2CEA /* Project object */ = {
			isa = PBXProject;
			attributes = {
				LastUpgradeCheck = 0420;
			};
			buildConfigurationList = C01FCF4E08A954540054247B /* Build configuration list for PBXProject "ButtonImageTest" */;
			compatibilityVersion = "Xcode 3.2";
			developmentRegion = English;
			hasScannedForEncodings = 1;
			knownRegions = (
				English,
				Japanese,
				French,
				German,
			);
			mainGroup = 29B97314FDCFA39411CA2CEA /* CustomTemplate */;
			projectDirPath = "";
			projectRoot = "";
			targets = (
				1D6058900D05DD3D006BFB54 /* ButtonImageTest */,
			);
		};
/* End PBXProject section */

/* Begin PBXResourcesBuildPhase section */
		1D60588D0D05DD3D006BFB54 /* Resources */ = {
			isa = PBXResourcesBuildPhase;
			buildActionMask = 2147483647;
			files = (
				28AD733F0D9D9553002E5188 /* MainWindow.xib in Resources */,
				2899E5220DE3E06400AC0155 /* ButtonImageTestViewController.xib in Resources */,
				6FEE88BE13B97D4100050117 /* bubble.png in Resources */,
				6FEE88BF13B97D4100050117 /* bubbleSelf.png in Resources */,
				6FEE88F913B9805400050117 /* bubble1.jpg in Resources */,
				6FEE88FA13B9805400050117 /* bubble2.jpg in Resources */,
				6F54426013BADC1C008428D6 /* InfoViewController.xib in Resources */,
				6F92A95B13BDADB400475B1A /* LogoAnimation_01.png in Resources */,
				6F92A95C13BDADB400475B1A /* LogoAnimation_02.png in Resources */,
				6F92A95D13BDADB400475B1A /* LogoAnimation_03.png in Resources */,
				6F92A95E13BDADB400475B1A /* LogoAnimation_04.png in Resources */,
				6F92A95F13BDADB400475B1A /* LogoAnimation_05.png in Resources */,
				6F92A96013BDADB400475B1A /* LogoAnimation_06.png in Resources */,
				6F92A96113BDADB400475B1A /* LogoAnimation_07.png in Resources */,
				6F92A96213BDADB400475B1A /* LogoAnimation_08.png in Resources */,
				6F92A96313BDADB400475B1A /* LogoAnimation_09.png in Resources */,
				6F92A96513BDAE8E00475B1A /* CusPageControlView.xib in Resources */,
			);
			runOnlyForDeploymentPostprocessing = 0;
		};
/* End PBXResourcesBuildPhase section */

/* Begin PBXSourcesBuildPhase section */
		1D60588E0D05DD3D006BFB54 /* Sources */ = {
			isa = PBXSourcesBuildPhase;
			buildActionMask = 2147483647;
			files = (
				1D60589B0D05DD56006BFB54 /* main.m in Sources */,
				1D3623260D0F684500981E51 /* ButtonImageTestAppDelegate.m in Sources */,
				28D7ACF80DDB3853001CB0EB /* ButtonImageTestViewController.m in Sources */,
				6F54425813BAD592008428D6 /* UIDialogWindow.m in Sources */,
				6F54425B13BADA4B008428D6 /* Global.m in Sources */,
				6F54425F13BADC1C008428D6 /* InfoViewController.m in Sources */,
				6FC739B013BC1930000197B8 /* DACellHViewController.m in Sources */,
				6FC739B313BC27A9000197B8 /* MyPicker.m in Sources */,
				6F92A95113BDAC6500475B1A /* CusPageControlViewController.m in Sources */,
				6F92A96813BDB71800475B1A /* MyButton.m in Sources */,
				6F1D9DDD13C30FC4002919E0 /* OrderListViewController.m in Sources */,
				6FB4DABC13C316AA00EF30C6 /* NineGrid.m in Sources */,
				6F30500D13C3F94C007B4855 /* ScrollViewController.m in Sources */,
			);
			runOnlyForDeploymentPostprocessing = 0;
		};
/* End PBXSourcesBuildPhase section */

/* Begin XCBuildConfiguration section */
		1D6058940D05DD3E006BFB54 /* Debug */ = {
			isa = XCBuildConfiguration;
			buildSettings = {
				ALWAYS_SEARCH_USER_PATHS = NO;
				"CODE_SIGN_IDENTITY[sdk=iphoneos*]" = "iPhone Developer";
				COPY_PHASE_STRIP = NO;
				FRAMEWORK_SEARCH_PATHS = (
					"$(inherited)",
					"\"$(SRCROOT)/../../program_code\"",
				);
				GCC_DYNAMIC_NO_PIC = NO;
				GCC_OPTIMIZATION_LEVEL = 0;
				GCC_PRECOMPILE_PREFIX_HEADER = YES;
				GCC_PREFIX_HEADER = ButtonImageTest_Prefix.pch;
				INFOPLIST_FILE = "ButtonImageTest-Info.plist";
				IPHONEOS_DEPLOYMENT_TARGET = 4.3;
				PRODUCT_NAME = ButtonImageTest;
				"PROVISIONING_PROFILE[sdk=iphoneos*]" = "";
				VALIDATE_PRODUCT = YES;
			};
			name = Debug;
		};
		1D6058950D05DD3E006BFB54 /* Release */ = {
			isa = XCBuildConfiguration;
			buildSettings = {
				ALWAYS_SEARCH_USER_PATHS = NO;
				COPY_PHASE_STRIP = YES;
				FRAMEWORK_SEARCH_PATHS = (
					"$(inherited)",
					"\"$(SRCROOT)/../../program_code\"",
				);
				GCC_PRECOMPILE_PREFIX_HEADER = YES;
				GCC_PREFIX_HEADER = ButtonImageTest_Prefix.pch;
				INFOPLIST_FILE = "ButtonImageTest-Info.plist";
				IPHONEOS_DEPLOYMENT_TARGET = 4.3;
				PRODUCT_NAME = ButtonImageTest;
				VALIDATE_PRODUCT = YES;
			};
			name = Release;
		};
		C01FCF4F08A954540054247B /* Debug */ = {
			isa = XCBuildConfiguration;
			buildSettings = {
				ARCHS = "$(ARCHS_STANDARD_32_BIT)";
				"CODE_SIGN_IDENTITY[sdk=iphoneos*]" = "iPhone Developer";
				GCC_C_LANGUAGE_STANDARD = c99;
				GCC_WARN_ABOUT_RETURN_TYPE = YES;
				GCC_WARN_UNUSED_VARIABLE = YES;
				IPHONEOS_DEPLOYMENT_TARGET = 4.3;
				SDKROOT = iphoneos;
			};
			name = Debug;
		};
		C01FCF5008A954540054247B /* Release */ = {
			isa = XCBuildConfiguration;
			buildSettings = {
				ARCHS = "$(ARCHS_STANDARD_32_BIT)";
				"CODE_SIGN_IDENTITY[sdk=iphoneos*]" = "iPhone Developer";
				GCC_C_LANGUAGE_STANDARD = c99;
				GCC_WARN_ABOUT_RETURN_TYPE = YES;
				GCC_WARN_UNUSED_VARIABLE = YES;
				IPHONEOS_DEPLOYMENT_TARGET = 4.3;
				OTHER_CFLAGS = "-DNS_BLOCK_ASSERTIONS=1";
				SDKROOT = iphoneos;
			};
			name = Release;
		};
/* End XCBuildConfiguration section */

/* Begin XCConfigurationList section */
		1D6058960D05DD3E006BFB54 /* Build configuration list for PBXNativeTarget "ButtonImageTest" */ = {
			isa = XCConfigurationList;
			buildConfigurations = (
				1D6058940D05DD3E006BFB54 /* Debug */,
				1D6058950D05DD3E006BFB54 /* Release */,
			);
			defaultConfigurationIsVisible = 0;
			defaultConfigurationName = Debug;
		};
		C01FCF4E08A954540054247B /* Build configuration list for PBXProject "ButtonImageTest" */ = {
			isa = XCConfigurationList;
			buildConfigurations = (
				C01FCF4F08A954540054247B /* Debug */,
				C01FCF5008A954540054247B /* Release */,
			);
			defaultConfigurationIsVisible = 0;
			defaultConfigurationName = Debug;
		};
/* End XCConfigurationList section */
	};
	rootObject = 29B97313FDCFA39411CA2CEA /* Project object */;
}
